{
  "version": 4,
  "terraform_version": "1.14.9",
  "serial": 24,
  "lineage": "47e7e0c9-d748-063f-6769-e7bf9f9100b6",
  "outputs": {
    "app_server_ip": {
      "value": "139.59.133.84",
      "type": "string"
    }
  },
  "resources": [
    {
      "mode": "data",
      "type": "digitalocean_ssh_key",
      "name": "main",
      "provider": "provider[\"registry.terraform.io/digitalocean/digitalocean\"]",
      "instances": [
        {
          "schema_version": 0,
          "attributes": {
            "fingerprint": "e1:ff:ff:dd:77:2b:b6:f6:3a:b9:f9:fa:d1:0b:f7:cf",
            "id": 56394545,
            "name": "sre-key",
            "public_key": "ssh-rsa AAAAB3NzaC1yc2EAAAADAQABAAACAQDK87fCIPiEjo2oiHqm2pgrP3bwmKVZEDC/9mKjGa4SqYc1KywGWqXvBFPCOglmE0fxvSOekbL7BAw/IcM9WQl8lFmBT2bVhBU+1NrUy55ZhLyTJENp8V3i8g1Rn4s5wRMUdDwjJ9ADOaeJdqoy58Eq+bo5Tu652Ej2Gs9RDdg5wdPRe+g05R/TVqMToUT9c2ej3R79e+r2fibfd0I/jdY8vcXMgyobJcgyXkSd5XAzpxPZiZZiDZTvL3FcikSZJ5caVF2QBsY5uye23VGyoeUdEL18c9MNswAPquiw+jXIOccRys7AExtg7gAkSrrFmx4fRelm+qS3K+igyCLpg2lquDXlvhhSbeEiywfCwHN1w6dHHslEGA0VGS3x9plRvPgXwnQ45BBWa9Q4Ay9yQ6QW0V7A6Jql747PpGW5xHyicrO0DCykGEnMes2NbuVIegCrgtLuf3lx+wlL6SckyJdUOkapwFTx9BoNMjiZ00n8NatxGLZ4K2QS4YvlZhWOQBwPKg9IvYncVGl54B3GnA4EXbPT666pqBU+w8zAEEEDDYaHQPU47lyjzWGZEKrelt3J9zEDWpFbAGERagkZ7UvRLeHpGB7kMaw6PapwHv3/TUNFeUm6EWhs/mJY4tveMR7EPEviCFFhMqf9M0sqZY/DRz0XUw797LZ5Bzpj6YxlVQ== bigali@bigali-Nitro-AN515-58"
          },
          "sensitive_attributes": [],
          "identity_schema_version": 0
        }
      ]
    },
    {
      "mode": "managed",
      "type": "digitalocean_droplet",
      "name": "app_server",
      "provider": "provider[\"registry.terraform.io/digitalocean/digitalocean\"]",
      "instances": [
        {
          "schema_version": 1,
          "attributes": {
            "backup_policy": [],
            "backups": false,
            "created_at": "2026-05-17T19:29:20Z",
            "disk": 80,
            "droplet_agent": null,
            "graceful_shutdown": false,
            "id": "571526458",
            "image": "ubuntu-22-04-x64",
            "ipv4_address": "139.59.133.84",
            "ipv4_address_private": "10.114.0.4",
            "ipv6": false,
            "ipv6_address": "",
            "locked": false,
            "memory": 4096,
            "monitoring": false,
            "name": "sre-app-server",
            "price_hourly": 0.03571,
            "price_monthly": 24,
            "private_networking": true,
            "public_networking": true,
            "region": "fra1",
            "resize_disk": true,
            "size": "s-2vcpu-4gb",
            "ssh_keys": [
              "56394545"
            ],
            "status": "active",
            "tags": [
              "sre"
            ],
            "timeouts": null,
            "urn": "do:droplet:571526458",
            "user_data": "c47e585c1faf1738a34ae48be0149fb54d7d1277",
            "vcpus": 2,
            "volume_ids": [],
            "vpc_uuid": "fbb29a54-190c-4244-b2da-24c3dc48095d"
          },
          "sensitive_attributes": [],
          "identity_schema_version": 0,
          "private": "eyJlMmJmYjczMC1lY2FhLTExZTYtOGY4OC0zNDM2M2JjN2M0YzAiOnsiY3JlYXRlIjozNjAwMDAwMDAwMDAwLCJkZWxldGUiOjYwMDAwMDAwMDAwLCJ1cGRhdGUiOjM2MDAwMDAwMDAwMDB9LCJzY2hlbWFfdmVyc2lvbiI6IjEifQ==",
          "dependencies": [
            "data.digitalocean_ssh_key.main"
          ]
        }
      ]
    },
    {
      "mode": "managed",
      "type": "digitalocean_firewall",
      "name": "app_firewall",
      "provider": "provider[\"registry.terraform.io/digitalocean/digitalocean\"]",
      "instances": [
        {
          "schema_version": 0,
          "attributes": {
            "created_at": "2026-05-17T19:30:25Z",
            "droplet_ids": [
              571526458
            ],
            "id": "e04a829b-b6d6-4f80-90d5-e209fd778d89",
            "inbound_rule": [
              {
                "port_range": "22",
                "protocol": "tcp",
                "source_addresses": [
                  "0.0.0.0/0"
                ],
                "source_droplet_ids": [],
                "source_kubernetes_ids": [],
                "source_load_balancer_uids": [],
                "source_tags": []
              },
              {
                "port_range": "3000",
                "protocol": "tcp",
                "source_addresses": [
                  "0.0.0.0/0"
                ],
                "source_droplet_ids": [],
                "source_kubernetes_ids": [],
                "source_load_balancer_uids": [],
                "source_tags": []
              },
              {
                "port_range": "80",
                "protocol": "tcp",
                "source_addresses": [
                  "0.0.0.0/0"
                ],
                "source_droplet_ids": [],
                "source_kubernetes_ids": [],
                "source_load_balancer_uids": [],
                "source_tags": []
              },
              {
                "port_range": "8080",
                "protocol": "tcp",
                "source_addresses": [
                  "0.0.0.0/0"
                ],
                "source_droplet_ids": [],
                "source_kubernetes_ids": [],
                "source_load_balancer_uids": [],
                "source_tags": []
              },
              {
                "port_range": "9090",
                "protocol": "tcp",
                "source_addresses": [
                  "0.0.0.0/0"
                ],
                "source_droplet_ids": [],
                "source_kubernetes_ids": [],
                "source_load_balancer_uids": [],
                "source_tags": []
              },
              {
                "port_range": "9100",
                "protocol": "tcp",
                "source_addresses": [
                  "0.0.0.0/0"
                ],
                "source_droplet_ids": [],
                "source_kubernetes_ids": [],
                "source_load_balancer_uids": [],
                "source_tags": []
              }
            ],
            "name": "sre-firewall",
            "outbound_rule": [
              {
                "destination_addresses": [
                  "0.0.0.0/0"
                ],
                "destination_droplet_ids": [],
                "destination_kubernetes_ids": [],
                "destination_load_balancer_uids": [],
                "destination_tags": [],
                "port_range": "1-65535",
                "protocol": "tcp"
              },
              {
                "destination_addresses": [
                  "0.0.0.0/0"
                ],
                "destination_droplet_ids": [],
                "destination_kubernetes_ids": [],
                "destination_load_balancer_uids": [],
                "destination_tags": [],
                "port_range": "1-65535",
                "protocol": "udp"
              }
            ],
            "pending_changes": [
              {
                "droplet_id": 571526458,
                "removing": false,
                "status": "waiting"
              }
            ],
            "status": "waiting",
            "tags": []
          },
          "sensitive_attributes": [],
          "identity_schema_version": 0,
          "private": "bnVsbA==",
          "dependencies": [
            "data.digitalocean_ssh_key.main",
            "digitalocean_droplet.app_server"
          ]
        }
      ]
    }
  ],
  "check_results": null
}
